
Microsoft Visual Studio Solution File, Format Version 12.00
# Visual Studio Version 16
VisualStudioVersion = 16.0.31105.61
MinimumVisualStudioVersion = 10.0.40219.1
Project("{FAE04EC0-301F-11D3-BF4B-00C04F79EFBC}") = "MedicalAssistant", "MedicalAssistant\MedicalAssistant.csproj", "{2A68A5ED-2A8C-4A40-A5C0-0E0F824E9AAD}"
EndProject
Global
	GlobalSection(SolutionConfigurationPlatforms) = preSolution
		Debug|x86 = Debug|x86
		Release|x86 = Release|x86
	EndGlobalSection
	GlobalSection(ProjectConfigurationPlatforms) = postSolution
		{2A68A5ED-2A8C-4A40-A5C0-0E0F824E9AAD}.Debug|x86.ActiveCfg = Debug|x86
		{2A68A5ED-2A8C-4A40-A5C0-0E0F824E9AAD}.Debug|x86.Build.0 = Debug|x86
		{2A68A5ED-2A8C-4A40-A5C0-0E0F824E9AAD}.Release|x86.ActiveCfg = Release|x86
		{2A68A5ED-2A8C-4A40-A5C0-0E0F824E9AAD}.Release|x86.Build.0 = Release|x86
	EndGlobalSection
	GlobalSection(SolutionProperties) = preSolution
		HideSolutionNode = FALSE
	EndGlobalSection
	GlobalSection(ExtensibilityGlobals) = postSolution
		SolutionGuid = {C0B126A5-6B95-42BD-9C97-16912254CE91}
	EndGlobalSection
EndGlobal
